
Microsoft Visual Studio Solution File, Format Version 12.00
# Visual Studio 15
Project("{FAE04EC0-301F-11D3-BF4B-00C04F79EFBC}") = "JumpBall_test", "JumpBall_test.csproj", "{AD1B4F18-288B-B827-D6A8-B2DECD485BED}"
EndProject
Global
	GlobalSection(SolutionConfigurationPlatforms) = preSolution
		Debug|Any CPU = Debug|Any CPU
		Release|Any CPU = Release|Any CPU
	EndGlobalSection
	GlobalSection(ProjectConfigurationPlatforms) = postSolution
		{AD1B4F18-288B-B827-D6A8-B2DECD485BED}.Debug|Any CPU.ActiveCfg = Debug|Any CPU
		{AD1B4F18-288B-B827-D6A8-B2DECD485BED}.Debug|Any CPU.Build.0 = Debug|Any CPU
		{AD1B4F18-288B-B827-D6A8-B2DECD485BED}.Release|Any CPU.ActiveCfg = Release|Any CPU
		{AD1B4F18-288B-B827-D6A8-B2DECD485BED}.Release|Any CPU.Build.0 = Release|Any CPU
	EndGlobalSection
	GlobalSection(SolutionProperties) = preSolution
		HideSolutionNode = FALSE
	EndGlobalSection
EndGlobal
